{
  "name": "mui-js",
  "version": "0.2.4",
  "lockfileVersion": 1,
  "requires": true,
  "dependencies": {
    "big.js": {
      "version": "3.2.0",
      "resolved": "https://registry.npmjs.org/big.js/-/big.js-3.2.0.tgz",
      "integrity": "sha512-+hN/Zh2D08Mx65pZ/4g5bsmNiZUuChDiQfTUQ7qJr4/kuopCr88xZsAXv6mBoZEsUI4OuGHlX59qE94K2mMW8Q==",
      "dev": true
    },
    "coffee-loader": {
      "version": "0.7.3",
      "resolved": "https://registry.npmjs.org/coffee-loader/-/coffee-loader-0.7.3.tgz",
      "integrity": "sha1-+tvG79b8fsyIxbMEaiwpIGa8tUo=",
      "dev": true,
      "requires": {
        "loader-utils": "1.1.0"
      }
    },
    "coffee-script": {
      "version": "1.12.7",
      "resolved": "https://registry.npmjs.org/coffee-script/-/coffee-script-1.12.7.tgz",
      "integrity": "sha512-fLeEhqwymYat/MpTPUjSKHVYYl0ec2mOyALEMLmzr5i1isuG+6jfI2j2d5oBO3VIzgUXgBVIcOT9uH1TFxBckw==",
      "dev": true
    },
    "emojis-list": {
      "version": "2.1.0",
      "resolved": "https://registry.npmjs.org/emojis-list/-/emojis-list-2.1.0.tgz",
      "integrity": "sha1-TapNnbAPmBmIDHn6RXrlsJof04k=",
      "dev": true
    },
    "fastclick": {
      "version": "1.0.6",
      "resolved": "https://registry.npmjs.org/fastclick/-/fastclick-1.0.6.tgz",
      "integrity": "sha1-FhYlsnsaWAZAWTa9qaLBkm0Gvmo="
    },
    "json5": {
      "version": "0.5.1",
      "resolved": "https://registry.npmjs.org/json5/-/json5-0.5.1.tgz",
      "integrity": "sha1-Hq3nrMASA0rYTiOWdn6tn6VJWCE=",
      "dev": true
    },
    "loader-utils": {
      "version": "1.1.0",
      "resolved": "https://registry.npmjs.org/loader-utils/-/loader-utils-1.1.0.tgz",
      "integrity": "sha1-yYrvSIvM7aL/teLeZG1qdUQp9c0=",
      "dev": true,
      "requires": {
        "big.js": "3.2.0",
        "emojis-list": "2.1.0",
        "json5": "0.5.1"
      }
    },
    "mithril": {
      "version": "1.1.5",
      "resolved": "https://registry.npmjs.org/mithril/-/mithril-1.1.5.tgz",
      "integrity": "sha512-oicjiWJmdz/pcmQmImDuqe+Ff1hEJSoj4T7yL0E+12DwYIr/LOtBQjJmm8xzRDqRTanWPbIjFb+3JYl8w2Hrqw=="
    },
    "mmsvg": {
      "version": "1.5.3",
      "resolved": "https://registry.npmjs.org/mmsvg/-/mmsvg-1.5.3.tgz",
      "integrity": "sha1-KnTgmbtdjxGJ+/YEZiMo0OPLlEY="
    },
    "mss-js": {
      "version": "0.3.2",
      "resolved": "https://registry.npmjs.org/mss-js/-/mss-js-0.3.2.tgz",
      "integrity": "sha1-9PAHwS1Ud24sjajcgGh/MvS9TZs="
    }
  }
}
