{
  "name": "mui-js",
  "version": "0.3.6",
  "lockfileVersion": 1,
  "requires": true,
  "dependencies": {
    "coffee-loader": {
      "version": "4.0.0",
      "resolved": "https://registry.npmjs.org/coffee-loader/-/coffee-loader-4.0.0.tgz",
      "integrity": "sha512-RvgC8c0JwRew5lq3x2J+P4z9Cvan/v91muEvV90VJXcTuJbJQN20taZxfj6/XC4yysA8PInPGpxdB1J9LphLuQ==",
      "dev": true
    },
    "coffee-script": {
      "version": "1.12.7",
      "resolved": "https://registry.npmjs.org/coffee-script/-/coffee-script-1.12.7.tgz",
      "integrity": "sha512-fLeEhqwymYat/MpTPUjSKHVYYl0ec2mOyALEMLmzr5i1isuG+6jfI2j2d5oBO3VIzgUXgBVIcOT9uH1TFxBckw==",
      "dev": true
    },
    "mithril": {
      "version": "1.1.7",
      "resolved": "https://registry.npmjs.org/mithril/-/mithril-1.1.7.tgz",
      "integrity": "sha512-1SAkGeVrIVvkUHlPHvR3pXdWzNfTzmS/fBAe+rC2ApEBfZFFc+idi8Qg/M5JoW/sZkIDXSfQYVgvENMIhBIVAg=="
    },
    "mmsvg": {
      "version": "1.5.3",
      "resolved": "https://registry.npmjs.org/mmsvg/-/mmsvg-1.5.3.tgz",
      "integrity": "sha1-KnTgmbtdjxGJ+/YEZiMo0OPLlEY="
    },
    "mss-js": {
      "version": "0.3.2",
      "resolved": "https://registry.npmjs.org/mss-js/-/mss-js-0.3.2.tgz",
      "integrity": "sha1-9PAHwS1Ud24sjajcgGh/MvS9TZs="
    }
  }
}
